// !$*UTF8*$!
{
	archiveVersion = 1;
	classes = {
	};
	objectVersion = 51;
	objects = {

/* Begin PBXBuildFile section */
		461362062326FFC9000B0FB5 /* AppDelegate.swift in Sources */ = {isa = PBXBuildFile; fileRef = 461362052326FFC9000B0FB5 /* AppDelegate.swift */; };
		461362082326FFC9000B0FB5 /* MovieListViewController.swift in Sources */ = {isa = PBXBuildFile; fileRef = 461362072326FFC9000B0FB5 /* MovieListViewController.swift */; };
		4613620B2326FFC9000B0FB5 /* Movies.storyboard in Resources */ = {isa = PBXBuildFile; fileRef = 461362092326FFC9000B0FB5 /* Movies.storyboard */; };
		4613620D2326FFCA000B0FB5 /* Assets.xcassets in Resources */ = {isa = PBXBuildFile; fileRef = 4613620C2326FFCA000B0FB5 /* Assets.xcassets */; };
		461362102326FFCA000B0FB5 /* LaunchScreen.storyboard in Resources */ = {isa = PBXBuildFile; fileRef = 4613620E2326FFCA000B0FB5 /* LaunchScreen.storyboard */; };
		46E070AC23271B7B00841154 /* MovieListTableViewCell.swift in Sources */ = {isa = PBXBuildFile; fileRef = 46E070AB23271B7B00841154 /* MovieListTableViewCell.swift */; };
		46E070AF232750E000841154 /* MovieListViewModel.swift in Sources */ = {isa = PBXBuildFile; fileRef = 46E070AE232750E000841154 /* MovieListViewModel.swift */; };
		46E070B1232750F300841154 /* MovieListRowViewModel.swift in Sources */ = {isa = PBXBuildFile; fileRef = 46E070B0232750F300841154 /* MovieListRowViewModel.swift */; };
		46E070B32327510400841154 /* MovieItem.swift in Sources */ = {isa = PBXBuildFile; fileRef = 46E070B22327510400841154 /* MovieItem.swift */; };
		46E070B52327636400841154 /* NetworkService.swift in Sources */ = {isa = PBXBuildFile; fileRef = 46E070B42327636400841154 /* NetworkService.swift */; };
		46E070B8232769FF00841154 /* Router.swift in Sources */ = {isa = PBXBuildFile; fileRef = 46E070B7232769FF00841154 /* Router.swift */; };
		46E070BB23279A2400841154 /* MovieDetailViewController.swift in Sources */ = {isa = PBXBuildFile; fileRef = 46E070BA23279A2400841154 /* MovieDetailViewController.swift */; };
		46E070BD23279B1700841154 /* MovieDetailViewModel.swift in Sources */ = {isa = PBXBuildFile; fileRef = 46E070BC23279B1700841154 /* MovieDetailViewModel.swift */; };
		46E070C12327A20800841154 /* MovieDetailView.swift in Sources */ = {isa = PBXBuildFile; fileRef = 46E070C02327A20800841154 /* MovieDetailView.swift */; };
		46E070C523289A5400841154 /* LRUCache.swift in Sources */ = {isa = PBXBuildFile; fileRef = 46E070C423289A5400841154 /* LRUCache.swift */; };
		46E070C92328CB2800841154 /* CacheProvider.swift in Sources */ = {isa = PBXBuildFile; fileRef = 46E070C82328CB2800841154 /* CacheProvider.swift */; };
		9F18AA8A776A6936D58C26F0 /* Pods_TubiChallenge.framework in Frameworks */ = {isa = PBXBuildFile; fileRef = 6EC00D8C4C09ADD5E0B32383 /* Pods_TubiChallenge.framework */; };
/* End PBXBuildFile section */

/* Begin PBXFileReference section */
		179E96380427A7C2CEBEFEBD /* Pods-TubiChallenge.debug.xcconfig */ = {isa = PBXFileReference; includeInIndex = 1; lastKnownFileType = text.xcconfig; name = "Pods-TubiChallenge.debug.xcconfig"; path = "Target Support Files/Pods-TubiChallenge/Pods-TubiChallenge.debug.xcconfig"; sourceTree = "<group>"; };
		461362022326FFC9000B0FB5 /* TubiChallenge.app */ = {isa = PBXFileReference; explicitFileType = wrapper.application; includeInIndex = 0; path = TubiChallenge.app; sourceTree = BUILT_PRODUCTS_DIR; };
		461362052326FFC9000B0FB5 /* AppDelegate.swift */ = {isa = PBXFileReference; lastKnownFileType = sourcecode.swift; path = AppDelegate.swift; sourceTree = "<group>"; };
		461362072326FFC9000B0FB5 /* MovieListViewController.swift */ = {isa = PBXFileReference; lastKnownFileType = sourcecode.swift; path = MovieListViewController.swift; sourceTree = "<group>"; };
		4613620A2326FFC9000B0FB5 /* Base */ = {isa = PBXFileReference; lastKnownFileType = file.storyboard; name = Base; path = Base.lproj/Movies.storyboard; sourceTree = "<group>"; };
		4613620C2326FFCA000B0FB5 /* Assets.xcassets */ = {isa = PBXFileReference; lastKnownFileType = folder.assetcatalog; path = Assets.xcassets; sourceTree = "<group>"; };
		4613620F2326FFCA000B0FB5 /* Base */ = {isa = PBXFileReference; lastKnownFileType = file.storyboard; name = Base; path = Base.lproj/LaunchScreen.storyboard; sourceTree = "<group>"; };
		461362112326FFCB000B0FB5 /* Info.plist */ = {isa = PBXFileReference; lastKnownFileType = text.plist.xml; path = Info.plist; sourceTree = "<group>"; };
		46E070AB23271B7B00841154 /* MovieListTableViewCell.swift */ = {isa = PBXFileReference; lastKnownFileType = sourcecode.swift; path = MovieListTableViewCell.swift; sourceTree = "<group>"; };
		46E070AE232750E000841154 /* MovieListViewModel.swift */ = {isa = PBXFileReference; lastKnownFileType = sourcecode.swift; path = MovieListViewModel.swift; sourceTree = "<group>"; };
		46E070B0232750F300841154 /* MovieListRowViewModel.swift */ = {isa = PBXFileReference; lastKnownFileType = sourcecode.swift; path = MovieListRowViewModel.swift; sourceTree = "<group>"; };
		46E070B22327510400841154 /* MovieItem.swift */ = {isa = PBXFileReference; lastKnownFileType = sourcecode.swift; path = MovieItem.swift; sourceTree = "<group>"; };
		46E070B42327636400841154 /* NetworkService.swift */ = {isa = PBXFileReference; lastKnownFileType = sourcecode.swift; path = NetworkService.swift; sourceTree = "<group>"; };
		46E070B7232769FF00841154 /* Router.swift */ = {isa = PBXFileReference; lastKnownFileType = sourcecode.swift; path = Router.swift; sourceTree = "<group>"; };
		46E070BA23279A2400841154 /* MovieDetailViewController.swift */ = {isa = PBXFileReference; lastKnownFileType = sourcecode.swift; path = MovieDetailViewController.swift; sourceTree = "<group>"; };
		46E070BC23279B1700841154 /* MovieDetailViewModel.swift */ = {isa = PBXFileReference; lastKnownFileType = sourcecode.swift; path = MovieDetailViewModel.swift; sourceTree = "<group>"; };
		46E070C02327A20800841154 /* MovieDetailView.swift */ = {isa = PBXFileReference; lastKnownFileType = sourcecode.swift; path = MovieDetailView.swift; sourceTree = "<group>"; };
		46E070C423289A5400841154 /* LRUCache.swift */ = {isa = PBXFileReference; lastKnownFileType = sourcecode.swift; path = LRUCache.swift; sourceTree = "<group>"; };
		46E070C82328CB2800841154 /* CacheProvider.swift */ = {isa = PBXFileReference; lastKnownFileType = sourcecode.swift; path = CacheProvider.swift; sourceTree = "<group>"; };
		6EC00D8C4C09ADD5E0B32383 /* Pods_TubiChallenge.framework */ = {isa = PBXFileReference; explicitFileType = wrapper.framework; includeInIndex = 0; path = Pods_TubiChallenge.framework; sourceTree = BUILT_PRODUCTS_DIR; };
		913F6B8CC0C3619D573C666A /* Pods-TubiChallenge.release.xcconfig */ = {isa = PBXFileReference; includeInIndex = 1; lastKnownFileType = text.xcconfig; name = "Pods-TubiChallenge.release.xcconfig"; path = "Target Support Files/Pods-TubiChallenge/Pods-TubiChallenge.release.xcconfig"; sourceTree = "<group>"; };
/* End PBXFileReference section */

/* Begin PBXFrameworksBuildPhase section */
		461361FF2326FFC9000B0FB5 /* Frameworks */ = {
			isa = PBXFrameworksBuildPhase;
			buildActionMask = 2147483647;
			files = (
				9F18AA8A776A6936D58C26F0 /* Pods_TubiChallenge.framework in Frameworks */,
			);
			runOnlyForDeploymentPostprocessing = 0;
		};
/* End PBXFrameworksBuildPhase section */

/* Begin PBXGroup section */
		461361F92326FFC9000B0FB5 = {
			isa = PBXGroup;
			children = (
				461362042326FFC9000B0FB5 /* TubiChallenge */,
				461362032326FFC9000B0FB5 /* Products */,
				FF1D9F99180D6B619EB39403 /* Pods */,
				99555336B20FFE65358E8A80 /* Frameworks */,
			);
			sourceTree = "<group>";
		};
		461362032326FFC9000B0FB5 /* Products */ = {
			isa = PBXGroup;
			children = (
				461362022326FFC9000B0FB5 /* TubiChallenge.app */,
			);
			name = Products;
			sourceTree = "<group>";
		};
		461362042326FFC9000B0FB5 /* TubiChallenge */ = {
			isa = PBXGroup;
			children = (
				46E070B9232796C800841154 /* MovieDetail */,
				46E070AD2327238900841154 /* MovieList */,
				46E070B6232769D600841154 /* Shared */,
				461362052326FFC9000B0FB5 /* AppDelegate.swift */,
				461362092326FFC9000B0FB5 /* Movies.storyboard */,
				4613620C2326FFCA000B0FB5 /* Assets.xcassets */,
				4613620E2326FFCA000B0FB5 /* LaunchScreen.storyboard */,
				461362112326FFCB000B0FB5 /* Info.plist */,
			);
			path = TubiChallenge;
			sourceTree = "<group>";
		};
		46E070AD2327238900841154 /* MovieList */ = {
			isa = PBXGroup;
			children = (
				461362072326FFC9000B0FB5 /* MovieListViewController.swift */,
				46E070AB23271B7B00841154 /* MovieListTableViewCell.swift */,
				46E070AE232750E000841154 /* MovieListViewModel.swift */,
				46E070B0232750F300841154 /* MovieListRowViewModel.swift */,
			);
			path = MovieList;
			sourceTree = "<group>";
		};
		46E070B6232769D600841154 /* Shared */ = {
			isa = PBXGroup;
			children = (
				46E070B42327636400841154 /* NetworkService.swift */,
				46E070B7232769FF00841154 /* Router.swift */,
				46E070B22327510400841154 /* MovieItem.swift */,
				46E070C423289A5400841154 /* LRUCache.swift */,
				46E070C82328CB2800841154 /* CacheProvider.swift */,
			);
			path = Shared;
			sourceTree = "<group>";
		};
		46E070B9232796C800841154 /* MovieDetail */ = {
			isa = PBXGroup;
			children = (
				46E070BA23279A2400841154 /* MovieDetailViewController.swift */,
				46E070BC23279B1700841154 /* MovieDetailViewModel.swift */,
				46E070C02327A20800841154 /* MovieDetailView.swift */,
			);
			path = MovieDetail;
			sourceTree = "<group>";
		};
		99555336B20FFE65358E8A80 /* Frameworks */ = {
			isa = PBXGroup;
			children = (
				6EC00D8C4C09ADD5E0B32383 /* Pods_TubiChallenge.framework */,
			);
			name = Frameworks;
			sourceTree = "<group>";
		};
		FF1D9F99180D6B619EB39403 /* Pods */ = {
			isa = PBXGroup;
			children = (
				179E96380427A7C2CEBEFEBD /* Pods-TubiChallenge.debug.xcconfig */,
				913F6B8CC0C3619D573C666A /* Pods-TubiChallenge.release.xcconfig */,
			);
			path = Pods;
			sourceTree = "<group>";
		};
/* End PBXGroup section */

/* Begin PBXNativeTarget section */
		461362012326FFC9000B0FB5 /* TubiChallenge */ = {
			isa = PBXNativeTarget;
			buildConfigurationList = 461362142326FFCB000B0FB5 /* Build configuration list for PBXNativeTarget "TubiChallenge" */;
			buildPhases = (
				5CCF4EDDCF11CBB2B1EA6912 /* [CP] Check Pods Manifest.lock */,
				461361FE2326FFC9000B0FB5 /* Sources */,
				461361FF2326FFC9000B0FB5 /* Frameworks */,
				461362002326FFC9000B0FB5 /* Resources */,
				7ACEE562FB7023A3F2A2130D /* [CP] Embed Pods Frameworks */,
			);
			buildRules = (
			);
			dependencies = (
			);
			name = TubiChallenge;
			productName = TubiChallenge;
			productReference = 461362022326FFC9000B0FB5 /* TubiChallenge.app */;
			productType = "com.apple.product-type.application";
		};
/* End PBXNativeTarget section */

/* Begin PBXProject section */
		461361FA2326FFC9000B0FB5 /* Project object */ = {
			isa = PBXProject;
			attributes = {
				LastSwiftUpdateCheck = 1030;
				LastUpgradeCheck = 1030;
				ORGANIZATIONNAME = "Matthew Pileggi";
				TargetAttributes = {
					461362012326FFC9000B0FB5 = {
						CreatedOnToolsVersion = 10.3;
					};
				};
			};
			buildConfigurationList = 461361FD2326FFC9000B0FB5 /* Build configuration list for PBXProject "TubiChallenge" */;
			compatibilityVersion = "Xcode 9.3";
			developmentRegion = en;
			hasScannedForEncodings = 0;
			knownRegions = (
				en,
				Base,
			);
			mainGroup = 461361F92326FFC9000B0FB5;
			productRefGroup = 461362032326FFC9000B0FB5 /* Products */;
			projectDirPath = "";
			projectRoot = "";
			targets = (
				461362012326FFC9000B0FB5 /* TubiChallenge */,
			);
		};
/* End PBXProject section */

/* Begin PBXResourcesBuildPhase section */
		461362002326FFC9000B0FB5 /* Resources */ = {
			isa = PBXResourcesBuildPhase;
			buildActionMask = 2147483647;
			files = (
				461362102326FFCA000B0FB5 /* LaunchScreen.storyboard in Resources */,
				4613620D2326FFCA000B0FB5 /* Assets.xcassets in Resources */,
				4613620B2326FFC9000B0FB5 /* Movies.storyboard in Resources */,
			);
			runOnlyForDeploymentPostprocessing = 0;
		};
/* End PBXResourcesBuildPhase section */

/* Begin PBXShellScriptBuildPhase section */
		5CCF4EDDCF11CBB2B1EA6912 /* [CP] Check Pods Manifest.lock */ = {
			isa = PBXShellScriptBuildPhase;
			buildActionMask = 2147483647;
			files = (
			);
			inputFileListPaths = (
			);
			inputPaths = (
				"${PODS_PODFILE_DIR_PATH}/Podfile.lock",
				"${PODS_ROOT}/Manifest.lock",
			);
			name = "[CP] Check Pods Manifest.lock";
			outputFileListPaths = (
			);
			outputPaths = (
				"$(DERIVED_FILE_DIR)/Pods-TubiChallenge-checkManifestLockResult.txt",
			);
			runOnlyForDeploymentPostprocessing = 0;
			shellPath = /bin/sh;
			shellScript = "diff \"${PODS_PODFILE_DIR_PATH}/Podfile.lock\" \"${PODS_ROOT}/Manifest.lock\" > /dev/null\nif [ $? != 0 ] ; then\n    # print error to STDERR\n    echo \"error: The sandbox is not in sync with the Podfile.lock. Run 'pod install' or update your CocoaPods installation.\" >&2\n    exit 1\nfi\n# This output is used by Xcode 'outputs' to avoid re-running this script phase.\necho \"SUCCESS\" > \"${SCRIPT_OUTPUT_FILE_0}\"\n";
			showEnvVarsInLog = 0;
		};
		7ACEE562FB7023A3F2A2130D /* [CP] Embed Pods Frameworks */ = {
			isa = PBXShellScriptBuildPhase;
			buildActionMask = 2147483647;
			files = (
			);
			inputFileListPaths = (
				"${PODS_ROOT}/Target Support Files/Pods-TubiChallenge/Pods-TubiChallenge-frameworks-${CONFIGURATION}-input-files.xcfilelist",
			);
			name = "[CP] Embed Pods Frameworks";
			outputFileListPaths = (
				"${PODS_ROOT}/Target Support Files/Pods-TubiChallenge/Pods-TubiChallenge-frameworks-${CONFIGURATION}-output-files.xcfilelist",
			);
			runOnlyForDeploymentPostprocessing = 0;
			shellPath = /bin/sh;
			shellScript = "\"${PODS_ROOT}/Target Support Files/Pods-TubiChallenge/Pods-TubiChallenge-frameworks.sh\"\n";
			showEnvVarsInLog = 0;
		};
/* End PBXShellScriptBuildPhase section */

/* Begin PBXSourcesBuildPhase section */
		461361FE2326FFC9000B0FB5 /* Sources */ = {
			isa = PBXSourcesBuildPhase;
			buildActionMask = 2147483647;
			files = (
				46E070C523289A5400841154 /* LRUCache.swift in Sources */,
				46E070B8232769FF00841154 /* Router.swift in Sources */,
				461362082326FFC9000B0FB5 /* MovieListViewController.swift in Sources */,
				46E070AC23271B7B00841154 /* MovieListTableViewCell.swift in Sources */,
				461362062326FFC9000B0FB5 /* AppDelegate.swift in Sources */,
				46E070B52327636400841154 /* NetworkService.swift in Sources */,
				46E070C92328CB2800841154 /* CacheProvider.swift in Sources */,
				46E070B32327510400841154 /* MovieItem.swift in Sources */,
				46E070BD23279B1700841154 /* MovieDetailViewModel.swift in Sources */,
				46E070AF232750E000841154 /* MovieListViewModel.swift in Sources */,
				46E070BB23279A2400841154 /* MovieDetailViewController.swift in Sources */,
				46E070B1232750F300841154 /* MovieListRowViewModel.swift in Sources */,
				46E070C12327A20800841154 /* MovieDetailView.swift in Sources */,
			);
			runOnlyForDeploymentPostprocessing = 0;
		};
/* End PBXSourcesBuildPhase section */

/* Begin PBXVariantGroup section */
		461362092326FFC9000B0FB5 /* Movies.storyboard */ = {
			isa = PBXVariantGroup;
			children = (
				4613620A2326FFC9000B0FB5 /* Base */,
			);
			name = Movies.storyboard;
			sourceTree = "<group>";
		};
		4613620E2326FFCA000B0FB5 /* LaunchScreen.storyboard */ = {
			isa = PBXVariantGroup;
			children = (
				4613620F2326FFCA000B0FB5 /* Base */,
			);
			name = LaunchScreen.storyboard;
			sourceTree = "<group>";
		};
/* End PBXVariantGroup section */

/* Begin XCBuildConfiguration section */
		461362122326FFCB000B0FB5 /* Debug */ = {
			isa = XCBuildConfiguration;
			buildSettings = {
				ALWAYS_SEARCH_USER_PATHS = NO;
				CLANG_ANALYZER_NONNULL = YES;
				CLANG_ANALYZER_NUMBER_OBJECT_CONVERSION = YES_AGGRESSIVE;
				CLANG_CXX_LANGUAGE_STANDARD = "gnu++14";
				CLANG_CXX_LIBRARY = "libc++";
				CLANG_ENABLE_MODULES = YES;
				CLANG_ENABLE_OBJC_ARC = YES;
				CLANG_ENABLE_OBJC_WEAK = YES;
				CLANG_WARN_BLOCK_CAPTURE_AUTORELEASING = YES;
				CLANG_WARN_BOOL_CONVERSION = YES;
				CLANG_WARN_COMMA = YES;
				CLANG_WARN_CONSTANT_CONVERSION = YES;
				CLANG_WARN_DEPRECATED_OBJC_IMPLEMENTATIONS = YES;
				CLANG_WARN_DIRECT_OBJC_ISA_USAGE = YES_ERROR;
				CLANG_WARN_DOCUMENTATION_COMMENTS = YES;
				CLANG_WARN_EMPTY_BODY = YES;
				CLANG_WARN_ENUM_CONVERSION = YES;
				CLANG_WARN_INFINITE_RECURSION = YES;
				CLANG_WARN_INT_CONVERSION = YES;
				CLANG_WARN_NON_LITERAL_NULL_CONVERSION = YES;
				CLANG_WARN_OBJC_IMPLICIT_RETAIN_SELF = YES;
				CLANG_WARN_OBJC_LITERAL_CONVERSION = YES;
				CLANG_WARN_OBJC_ROOT_CLASS = YES_ERROR;
				CLANG_WARN_RANGE_LOOP_ANALYSIS = YES;
				CLANG_WARN_STRICT_PROTOTYPES = YES;
				CLANG_WARN_SUSPICIOUS_MOVE = YES;
				CLANG_WARN_UNGUARDED_AVAILABILITY = YES_AGGRESSIVE;
				CLANG_WARN_UNREACHABLE_CODE = YES;
				CLANG_WARN__DUPLICATE_METHOD_MATCH = YES;
				CODE_SIGN_IDENTITY = "iPhone Developer";
				COPY_PHASE_STRIP = NO;
				DEBUG_INFORMATION_FORMAT = dwarf;
				ENABLE_STRICT_OBJC_MSGSEND = YES;
				ENABLE_TESTABILITY = YES;
				GCC_C_LANGUAGE_STANDARD = gnu11;
				GCC_DYNAMIC_NO_PIC = NO;
				GCC_NO_COMMON_BLOCKS = YES;
				GCC_OPTIMIZATION_LEVEL = 0;
				GCC_PREPROCESSOR_DEFINITIONS = (
					"DEBUG=1",
					"$(inherited)",
				);
				GCC_WARN_64_TO_32_BIT_CONVERSION = YES;
				GCC_WARN_ABOUT_RETURN_TYPE = YES_ERROR;
				GCC_WARN_UNDECLARED_SELECTOR = YES;
				GCC_WARN_UNINITIALIZED_AUTOS = YES_AGGRESSIVE;
				GCC_WARN_UNUSED_FUNCTION = YES;
				GCC_WARN_UNUSED_VARIABLE = YES;
				IPHONEOS_DEPLOYMENT_TARGET = 12.4;
				MTL_ENABLE_DEBUG_INFO = INCLUDE_SOURCE;
				MTL_FAST_MATH = YES;
				ONLY_ACTIVE_ARCH = YES;
				SDKROOT = iphoneos;
				SWIFT_ACTIVE_COMPILATION_CONDITIONS = DEBUG;
				SWIFT_OPTIMIZATION_LEVEL = "-Onone";
			};
			name = Debug;
		};
		461362132326FFCB000B0FB5 /* Release */ = {
			isa = XCBuildConfiguration;
			buildSettings = {
				ALWAYS_SEARCH_USER_PATHS = NO;
				CLANG_ANALYZER_NONNULL = YES;
				CLANG_ANALYZER_NUMBER_OBJECT_CONVERSION = YES_AGGRESSIVE;
				CLANG_CXX_LANGUAGE_STANDARD = "gnu++14";
				CLANG_CXX_LIBRARY = "libc++";
				CLANG_ENABLE_MODULES = YES;
				CLANG_ENABLE_OBJC_ARC = YES;
				CLANG_ENABLE_OBJC_WEAK = YES;
				CLANG_WARN_BLOCK_CAPTURE_AUTORELEASING = YES;
				CLANG_WARN_BOOL_CONVERSION = YES;
				CLANG_WARN_COMMA = YES;
				CLANG_WARN_CONSTANT_CONVERSION = YES;
				CLANG_WARN_DEPRECATED_OBJC_IMPLEMENTATIONS = YES;
				CLANG_WARN_DIRECT_OBJC_ISA_USAGE = YES_ERROR;
				CLANG_WARN_DOCUMENTATION_COMMENTS = YES;
				CLANG_WARN_EMPTY_BODY = YES;
				CLANG_WARN_ENUM_CONVERSION = YES;
				CLANG_WARN_INFINITE_RECURSION = YES;
				CLANG_WARN_INT_CONVERSION = YES;
				CLANG_WARN_NON_LITERAL_NULL_CONVERSION = YES;
				CLANG_WARN_OBJC_IMPLICIT_RETAIN_SELF = YES;
				CLANG_WARN_OBJC_LITERAL_CONVERSION = YES;
				CLANG_WARN_OBJC_ROOT_CLASS = YES_ERROR;
				CLANG_WARN_RANGE_LOOP_ANALYSIS = YES;
				CLANG_WARN_STRICT_PROTOTYPES = YES;
				CLANG_WARN_SUSPICIOUS_MOVE = YES;
				CLANG_WARN_UNGUARDED_AVAILABILITY = YES_AGGRESSIVE;
				CLANG_WARN_UNREACHABLE_CODE = YES;
				CLANG_WARN__DUPLICATE_METHOD_MATCH = YES;
				CODE_SIGN_IDENTITY = "iPhone Developer";
				COPY_PHASE_STRIP = NO;
				DEBUG_INFORMATION_FORMAT = "dwarf-with-dsym";
				ENABLE_NS_ASSERTIONS = NO;
				ENABLE_STRICT_OBJC_MSGSEND = YES;
				GCC_C_LANGUAGE_STANDARD = gnu11;
				GCC_NO_COMMON_BLOCKS = YES;
				GCC_WARN_64_TO_32_BIT_CONVERSION = YES;
				GCC_WARN_ABOUT_RETURN_TYPE = YES_ERROR;
				GCC_WARN_UNDECLARED_SELECTOR = YES;
				GCC_WARN_UNINITIALIZED_AUTOS = YES_AGGRESSIVE;
				GCC_WARN_UNUSED_FUNCTION = YES;
				GCC_WARN_UNUSED_VARIABLE = YES;
				IPHONEOS_DEPLOYMENT_TARGET = 12.4;
				MTL_ENABLE_DEBUG_INFO = NO;
				MTL_FAST_MATH = YES;
				SDKROOT = iphoneos;
				SWIFT_COMPILATION_MODE = wholemodule;
				SWIFT_OPTIMIZATION_LEVEL = "-O";
				VALIDATE_PRODUCT = YES;
			};
			name = Release;
		};
		461362152326FFCB000B0FB5 /* Debug */ = {
			isa = XCBuildConfiguration;
			baseConfigurationReference = 179E96380427A7C2CEBEFEBD /* Pods-TubiChallenge.debug.xcconfig */;
			buildSettings = {
				ASSETCATALOG_COMPILER_APPICON_NAME = AppIcon;
				CODE_SIGN_STYLE = Automatic;
				DEVELOPMENT_TEAM = 7A4VPG8L6G;
				INFOPLIST_FILE = TubiChallenge/Info.plist;
				LD_RUNPATH_SEARCH_PATHS = (
					"$(inherited)",
					"@executable_path/Frameworks",
				);
				PRODUCT_BUNDLE_IDENTIFIER = com.mvpileg.TubiChallenge;
				PRODUCT_NAME = "$(TARGET_NAME)";
				SWIFT_VERSION = 5.0;
				TARGETED_DEVICE_FAMILY = "1,2";
			};
			name = Debug;
		};
		461362162326FFCB000B0FB5 /* Release */ = {
			isa = XCBuildConfiguration;
			baseConfigurationReference = 913F6B8CC0C3619D573C666A /* Pods-TubiChallenge.release.xcconfig */;
			buildSettings = {
				ASSETCATALOG_COMPILER_APPICON_NAME = AppIcon;
				CODE_SIGN_STYLE = Automatic;
				DEVELOPMENT_TEAM = 7A4VPG8L6G;
				INFOPLIST_FILE = TubiChallenge/Info.plist;
				LD_RUNPATH_SEARCH_PATHS = (
					"$(inherited)",
					"@executable_path/Frameworks",
				);
				PRODUCT_BUNDLE_IDENTIFIER = com.mvpileg.TubiChallenge;
				PRODUCT_NAME = "$(TARGET_NAME)";
				SWIFT_VERSION = 5.0;
				TARGETED_DEVICE_FAMILY = "1,2";
			};
			name = Release;
		};
/* End XCBuildConfiguration section */

/* Begin XCConfigurationList section */
		461361FD2326FFC9000B0FB5 /* Build configuration list for PBXProject "TubiChallenge" */ = {
			isa = XCConfigurationList;
			buildConfigurations = (
				461362122326FFCB000B0FB5 /* Debug */,
				461362132326FFCB000B0FB5 /* Release */,
			);
			defaultConfigurationIsVisible = 0;
			defaultConfigurationName = Release;
		};
		461362142326FFCB000B0FB5 /* Build configuration list for PBXNativeTarget "TubiChallenge" */ = {
			isa = XCConfigurationList;
			buildConfigurations = (
				461362152326FFCB000B0FB5 /* Debug */,
				461362162326FFCB000B0FB5 /* Release */,
			);
			defaultConfigurationIsVisible = 0;
			defaultConfigurationName = Release;
		};
/* End XCConfigurationList section */
	};
	rootObject = 461361FA2326FFC9000B0FB5 /* Project object */;
}
